
Microsoft Visual Studio Solution File, Format Version 12.00
# Visual Studio Version 16
VisualStudioVersion = 16.0.32802.440
MinimumVisualStudioVersion = 10.0.40219.1
Project("{FAE04EC0-301F-11D3-BF4B-00C04F79EFBC}") = "WebApplication1", "WebApplication1.csproj", "{764F16B2-DE83-4E18-B058-1613E54CD82E}"
EndProject
Global
	GlobalSection(SolutionConfigurationPlatforms) = preSolution
		Debug|Any CPU = Debug|Any CPU
		Release|Any CPU = Release|Any CPU
	EndGlobalSection
	GlobalSection(ProjectConfigurationPlatforms) = postSolution
		{764F16B2-DE83-4E18-B058-1613E54CD82E}.Debug|Any CPU.ActiveCfg = Debug|Any CPU
		{764F16B2-DE83-4E18-B058-1613E54CD82E}.Debug|Any CPU.Build.0 = Debug|Any CPU
		{764F16B2-DE83-4E18-B058-1613E54CD82E}.Release|Any CPU.ActiveCfg = Release|Any CPU
		{764F16B2-DE83-4E18-B058-1613E54CD82E}.Release|Any CPU.Build.0 = Release|Any CPU
	EndGlobalSection
	GlobalSection(SolutionProperties) = preSolution
		HideSolutionNode = FALSE
	EndGlobalSection
	GlobalSection(ExtensibilityGlobals) = postSolution
		SolutionGuid = {33118F37-0D1F-4D89-8FB2-DE0B74B9C4D1}
	EndGlobalSection
EndGlobal
